
Microsoft Visual Studio Solution File, Format Version 12.00
# Visual Studio Version 17
VisualStudioVersion = 17.2.32519.379
MinimumVisualStudioVersion = 10.0.40219.1
Project("{8BC9CEB8-8B4A-11D0-8D11-00A0C91BC942}") = "3DP", "3DP\3DP.vcxproj", "{AD0708BE-7858-4EEE-9DB6-C877F18F8F50}"
EndProject
Global
	GlobalSection(SolutionConfigurationPlatforms) = preSolution
		Debug|x64 = Debug|x64
		Debug|x86 = Debug|x86
		Release|x64 = Release|x64
		Release|x86 = Release|x86
	EndGlobalSection
	GlobalSection(ProjectConfigurationPlatforms) = postSolution
		{AD0708BE-7858-4EEE-9DB6-C877F18F8F50}.Debug|x64.ActiveCfg = Debug|x64
		{AD0708BE-7858-4EEE-9DB6-C877F18F8F50}.Debug|x64.Build.0 = Debug|x64
		{AD0708BE-7858-4EEE-9DB6-C877F18F8F50}.Debug|x86.ActiveCfg = Debug|Win32
		{AD0708BE-7858-4EEE-9DB6-C877F18F8F50}.Debug|x86.Build.0 = Debug|Win32
		{AD0708BE-7858-4EEE-9DB6-C877F18F8F50}.Release|x64.ActiveCfg = Release|x64
		{AD0708BE-7858-4EEE-9DB6-C877F18F8F50}.Release|x64.Build.0 = Release|x64
		{AD0708BE-7858-4EEE-9DB6-C877F18F8F50}.Release|x86.ActiveCfg = Release|Win32
		{AD0708BE-7858-4EEE-9DB6-C877F18F8F50}.Release|x86.Build.0 = Release|Win32
	EndGlobalSection
	GlobalSection(SolutionProperties) = preSolution
		HideSolutionNode = FALSE
	EndGlobalSection
	GlobalSection(ExtensibilityGlobals) = postSolution
		SolutionGuid = {37F7F2EA-C8B3-4198-8A28-7D6A2E9F1E14}
	EndGlobalSection
EndGlobal
