
Microsoft Visual Studio Solution File, Format Version 12.00
# Visual Studio Version 17
VisualStudioVersion = 17.2.32519.379
MinimumVisualStudioVersion = 10.0.40219.1
Project("{8BC9CEB8-8B4A-11D0-8D11-00A0C91BC942}") = "Lecture 03", "3DP\3DP.vcxproj", "{AD0708BE-7858-4EEE-9DB6-C877F18F8F50}"
EndProject
Project("{8BC9CEB8-8B4A-11D0-8D11-00A0C91BC942}") = "Lecture 07", "Lecture 07\Lecture 07.vcxproj", "{5A39299E-76F5-420C-BBD5-6A0379A2A9F6}"
EndProject
Project("{8BC9CEB8-8B4A-11D0-8D11-00A0C91BC942}") = "Lecture 10", "Lecture 10\Lecture 10.vcxproj", "{81EDF2CC-D660-4F3D-AEC3-902E42288DB5}"
EndProject
Project("{8BC9CEB8-8B4A-11D0-8D11-00A0C91BC942}") = "Lecture 11", "Lecture 11\Lecture 11.vcxproj", "{D17D1668-7A53-441D-B20F-806799A2538C}"
EndProject
Global
	GlobalSection(SolutionConfigurationPlatforms) = preSolution
		Debug|x64 = Debug|x64
		Debug|x86 = Debug|x86
		Release|x64 = Release|x64
		Release|x86 = Release|x86
	EndGlobalSection
	GlobalSection(ProjectConfigurationPlatforms) = postSolution
		{AD0708BE-7858-4EEE-9DB6-C877F18F8F50}.Debug|x64.ActiveCfg = Debug|x64
		{AD0708BE-7858-4EEE-9DB6-C877F18F8F50}.Debug|x64.Build.0 = Debug|x64
		{AD0708BE-7858-4EEE-9DB6-C877F18F8F50}.Debug|x86.ActiveCfg = Debug|Win32
		{AD0708BE-7858-4EEE-9DB6-C877F18F8F50}.Debug|x86.Build.0 = Debug|Win32
		{AD0708BE-7858-4EEE-9DB6-C877F18F8F50}.Release|x64.ActiveCfg = Release|x64
		{AD0708BE-7858-4EEE-9DB6-C877F18F8F50}.Release|x64.Build.0 = Release|x64
		{AD0708BE-7858-4EEE-9DB6-C877F18F8F50}.Release|x86.ActiveCfg = Release|Win32
		{AD0708BE-7858-4EEE-9DB6-C877F18F8F50}.Release|x86.Build.0 = Release|Win32
		{5A39299E-76F5-420C-BBD5-6A0379A2A9F6}.Debug|x64.ActiveCfg = Debug|x64
		{5A39299E-76F5-420C-BBD5-6A0379A2A9F6}.Debug|x64.Build.0 = Debug|x64
		{5A39299E-76F5-420C-BBD5-6A0379A2A9F6}.Debug|x86.ActiveCfg = Debug|Win32
		{5A39299E-76F5-420C-BBD5-6A0379A2A9F6}.Debug|x86.Build.0 = Debug|Win32
		{5A39299E-76F5-420C-BBD5-6A0379A2A9F6}.Release|x64.ActiveCfg = Release|x64
		{5A39299E-76F5-420C-BBD5-6A0379A2A9F6}.Release|x64.Build.0 = Release|x64
		{5A39299E-76F5-420C-BBD5-6A0379A2A9F6}.Release|x86.ActiveCfg = Release|Win32
		{5A39299E-76F5-420C-BBD5-6A0379A2A9F6}.Release|x86.Build.0 = Release|Win32
		{81EDF2CC-D660-4F3D-AEC3-902E42288DB5}.Debug|x64.ActiveCfg = Debug|x64
		{81EDF2CC-D660-4F3D-AEC3-902E42288DB5}.Debug|x64.Build.0 = Debug|x64
		{81EDF2CC-D660-4F3D-AEC3-902E42288DB5}.Debug|x86.ActiveCfg = Debug|Win32
		{81EDF2CC-D660-4F3D-AEC3-902E42288DB5}.Debug|x86.Build.0 = Debug|Win32
		{81EDF2CC-D660-4F3D-AEC3-902E42288DB5}.Release|x64.ActiveCfg = Release|x64
		{81EDF2CC-D660-4F3D-AEC3-902E42288DB5}.Release|x64.Build.0 = Release|x64
		{81EDF2CC-D660-4F3D-AEC3-902E42288DB5}.Release|x86.ActiveCfg = Release|Win32
		{81EDF2CC-D660-4F3D-AEC3-902E42288DB5}.Release|x86.Build.0 = Release|Win32
		{D17D1668-7A53-441D-B20F-806799A2538C}.Debug|x64.ActiveCfg = Debug|x64
		{D17D1668-7A53-441D-B20F-806799A2538C}.Debug|x64.Build.0 = Debug|x64
		{D17D1668-7A53-441D-B20F-806799A2538C}.Debug|x86.ActiveCfg = Debug|Win32
		{D17D1668-7A53-441D-B20F-806799A2538C}.Debug|x86.Build.0 = Debug|Win32
		{D17D1668-7A53-441D-B20F-806799A2538C}.Release|x64.ActiveCfg = Release|x64
		{D17D1668-7A53-441D-B20F-806799A2538C}.Release|x64.Build.0 = Release|x64
		{D17D1668-7A53-441D-B20F-806799A2538C}.Release|x86.ActiveCfg = Release|Win32
		{D17D1668-7A53-441D-B20F-806799A2538C}.Release|x86.Build.0 = Release|Win32
	EndGlobalSection
	GlobalSection(SolutionProperties) = preSolution
		HideSolutionNode = FALSE
	EndGlobalSection
	GlobalSection(ExtensibilityGlobals) = postSolution
		SolutionGuid = {37F7F2EA-C8B3-4198-8A28-7D6A2E9F1E14}
	EndGlobalSection
EndGlobal
